
Microsoft Visual Studio Solution File, Format Version 9.00
# Visual Studio 2005
Project("{8BC9CEB8-8B4A-11D0-8D11-00A0C91BC942}") = "crystalcg_base", "crystalcg_base\crystalcg_base.vcproj", "{9F82CA4B-1C9B-411F-9824-80FB87A8453A}"
	ProjectSection(ProjectDependencies) = postProject
		{A4289BEA-0E1C-4D4F-A9F3-E3916DB27ACA} = {A4289BEA-0E1C-4D4F-A9F3-E3916DB27ACA}
	EndProjectSection
EndProject
Project("{8BC9CEB8-8B4A-11D0-8D11-00A0C91BC942}") = "ccgFunction", "ccgFunction\ccgFunction.vcproj", "{A4289BEA-0E1C-4D4F-A9F3-E3916DB27ACA}"
EndProject
Global
	GlobalSection(SolutionConfigurationPlatforms) = preSolution
		Debug|Win32 = Debug|Win32
		Debug|x64 = Debug|x64
		Release|Win32 = Release|Win32
		Release|x64 = Release|x64
	EndGlobalSection
	GlobalSection(ProjectConfigurationPlatforms) = postSolution
		{9F82CA4B-1C9B-411F-9824-80FB87A8453A}.Debug|Win32.ActiveCfg = Debug|Win32
		{9F82CA4B-1C9B-411F-9824-80FB87A8453A}.Debug|Win32.Build.0 = Debug|Win32
		{9F82CA4B-1C9B-411F-9824-80FB87A8453A}.Debug|x64.ActiveCfg = Debug|x64
		{9F82CA4B-1C9B-411F-9824-80FB87A8453A}.Debug|x64.Build.0 = Debug|x64
		{9F82CA4B-1C9B-411F-9824-80FB87A8453A}.Release|Win32.ActiveCfg = Release|Win32
		{9F82CA4B-1C9B-411F-9824-80FB87A8453A}.Release|Win32.Build.0 = Release|Win32
		{9F82CA4B-1C9B-411F-9824-80FB87A8453A}.Release|x64.ActiveCfg = Release|x64
		{9F82CA4B-1C9B-411F-9824-80FB87A8453A}.Release|x64.Build.0 = Release|x64
		{A4289BEA-0E1C-4D4F-A9F3-E3916DB27ACA}.Debug|Win32.ActiveCfg = Debug|Win32
		{A4289BEA-0E1C-4D4F-A9F3-E3916DB27ACA}.Debug|Win32.Build.0 = Debug|Win32
		{A4289BEA-0E1C-4D4F-A9F3-E3916DB27ACA}.Debug|x64.ActiveCfg = Debug|x64
		{A4289BEA-0E1C-4D4F-A9F3-E3916DB27ACA}.Debug|x64.Build.0 = Debug|x64
		{A4289BEA-0E1C-4D4F-A9F3-E3916DB27ACA}.Release|Win32.ActiveCfg = Release|Win32
		{A4289BEA-0E1C-4D4F-A9F3-E3916DB27ACA}.Release|Win32.Build.0 = Release|Win32
		{A4289BEA-0E1C-4D4F-A9F3-E3916DB27ACA}.Release|x64.ActiveCfg = Release|x64
		{A4289BEA-0E1C-4D4F-A9F3-E3916DB27ACA}.Release|x64.Build.0 = Release|x64
	EndGlobalSection
	GlobalSection(SolutionProperties) = preSolution
		HideSolutionNode = FALSE
	EndGlobalSection
EndGlobal
